
Microsoft Visual Studio Solution File, Format Version 12.00
# Visual Studio Version 16
VisualStudioVersion = 16.0.30611.23
MinimumVisualStudioVersion = 10.0.40219.1
Project("{FAE04EC0-301F-11D3-BF4B-00C04F79EFBC}") = "DoAn_PTUDQL1", "DoAn_PTUDQL1\DoAn_PTUDQL1.csproj", "{0B3DF108-343A-4E79-94F0-2715D58F8D0B}"
EndProject
Project("{FAE04EC0-301F-11D3-BF4B-00C04F79EFBC}") = "Data_PTUDCSDL", "Data_PTUDCSDL\Data_PTUDCSDL.csproj", "{7D39391C-1D02-4F83-8B5B-7F10B175DEFC}"
EndProject
Project("{FAE04EC0-301F-11D3-BF4B-00C04F79EFBC}") = "Control_PTUDCSDL", "Control_PTUDCSDL\Control_PTUDCSDL.csproj", "{F344C7E1-4FE1-4AD0-B45C-BF99F6817F3B}"
EndProject
Global
	GlobalSection(SolutionConfigurationPlatforms) = preSolution
		Debug|Any CPU = Debug|Any CPU
		Release|Any CPU = Release|Any CPU
	EndGlobalSection
	GlobalSection(ProjectConfigurationPlatforms) = postSolution
		{0B3DF108-343A-4E79-94F0-2715D58F8D0B}.Debug|Any CPU.ActiveCfg = Debug|Any CPU
		{0B3DF108-343A-4E79-94F0-2715D58F8D0B}.Debug|Any CPU.Build.0 = Debug|Any CPU
		{0B3DF108-343A-4E79-94F0-2715D58F8D0B}.Release|Any CPU.ActiveCfg = Release|Any CPU
		{0B3DF108-343A-4E79-94F0-2715D58F8D0B}.Release|Any CPU.Build.0 = Release|Any CPU
		{7D39391C-1D02-4F83-8B5B-7F10B175DEFC}.Debug|Any CPU.ActiveCfg = Debug|Any CPU
		{7D39391C-1D02-4F83-8B5B-7F10B175DEFC}.Debug|Any CPU.Build.0 = Debug|Any CPU
		{7D39391C-1D02-4F83-8B5B-7F10B175DEFC}.Release|Any CPU.ActiveCfg = Release|Any CPU
		{7D39391C-1D02-4F83-8B5B-7F10B175DEFC}.Release|Any CPU.Build.0 = Release|Any CPU
		{F344C7E1-4FE1-4AD0-B45C-BF99F6817F3B}.Debug|Any CPU.ActiveCfg = Debug|Any CPU
		{F344C7E1-4FE1-4AD0-B45C-BF99F6817F3B}.Debug|Any CPU.Build.0 = Debug|Any CPU
		{F344C7E1-4FE1-4AD0-B45C-BF99F6817F3B}.Release|Any CPU.ActiveCfg = Release|Any CPU
		{F344C7E1-4FE1-4AD0-B45C-BF99F6817F3B}.Release|Any CPU.Build.0 = Release|Any CPU
	EndGlobalSection
	GlobalSection(SolutionProperties) = preSolution
		HideSolutionNode = FALSE
	EndGlobalSection
	GlobalSection(ExtensibilityGlobals) = postSolution
		SolutionGuid = {BF56E11E-C621-4585-9FCC-A09690FC3CF5}
	EndGlobalSection
EndGlobal
